
Microsoft Visual Studio Solution File, Format Version 12.00
# Visual Studio Version 16
VisualStudioVersion = 16.0.30804.86
MinimumVisualStudioVersion = 10.0.40219.1
Project("{9A19103F-16F7-4668-BE54-9A1E7A4F7556}") = "Flighter", "Flighter\Flighter.csproj", "{04A13CDE-0604-47CC-8A01-9E5FD634A992}"
EndProject
Project("{FAE04EC0-301F-11D3-BF4B-00C04F79EFBC}") = "FlighterUnity", "FlighterUnity\FlighterUnity.csproj", "{8C83913F-C67F-45B7-B8FD-FCDD4BF8F59A}"
EndProject
Project("{FAE04EC0-301F-11D3-BF4B-00C04F79EFBC}") = "AEUtils", "..\AEUtils\AEUtils.csproj", "{93B19A0D-0995-46E8-BD7C-E598D98013CD}"
EndProject
Project("{FAE04EC0-301F-11D3-BF4B-00C04F79EFBC}") = "Assembly-CSharp", "..\azure_rain\azure_rain\Assembly-CSharp.csproj", "{1AF2916C-B11B-B52D-F6E4-A6FB69FA9BDD}"
EndProject
Global
	GlobalSection(SolutionConfigurationPlatforms) = preSolution
		Debug|Any CPU = Debug|Any CPU
		Release|Any CPU = Release|Any CPU
	EndGlobalSection
	GlobalSection(ProjectConfigurationPlatforms) = postSolution
		{04A13CDE-0604-47CC-8A01-9E5FD634A992}.Debug|Any CPU.ActiveCfg = Debug|Any CPU
		{04A13CDE-0604-47CC-8A01-9E5FD634A992}.Debug|Any CPU.Build.0 = Debug|Any CPU
		{04A13CDE-0604-47CC-8A01-9E5FD634A992}.Release|Any CPU.ActiveCfg = Release|Any CPU
		{04A13CDE-0604-47CC-8A01-9E5FD634A992}.Release|Any CPU.Build.0 = Release|Any CPU
		{8C83913F-C67F-45B7-B8FD-FCDD4BF8F59A}.Debug|Any CPU.ActiveCfg = Debug|Any CPU
		{8C83913F-C67F-45B7-B8FD-FCDD4BF8F59A}.Debug|Any CPU.Build.0 = Debug|Any CPU
		{8C83913F-C67F-45B7-B8FD-FCDD4BF8F59A}.Release|Any CPU.ActiveCfg = Release|Any CPU
		{8C83913F-C67F-45B7-B8FD-FCDD4BF8F59A}.Release|Any CPU.Build.0 = Release|Any CPU
		{93B19A0D-0995-46E8-BD7C-E598D98013CD}.Debug|Any CPU.ActiveCfg = Debug|Any CPU
		{93B19A0D-0995-46E8-BD7C-E598D98013CD}.Debug|Any CPU.Build.0 = Debug|Any CPU
		{93B19A0D-0995-46E8-BD7C-E598D98013CD}.Release|Any CPU.ActiveCfg = Release|Any CPU
		{93B19A0D-0995-46E8-BD7C-E598D98013CD}.Release|Any CPU.Build.0 = Release|Any CPU
		{1AF2916C-B11B-B52D-F6E4-A6FB69FA9BDD}.Debug|Any CPU.ActiveCfg = Debug|Any CPU
		{1AF2916C-B11B-B52D-F6E4-A6FB69FA9BDD}.Debug|Any CPU.Build.0 = Debug|Any CPU
		{1AF2916C-B11B-B52D-F6E4-A6FB69FA9BDD}.Release|Any CPU.ActiveCfg = Release|Any CPU
		{1AF2916C-B11B-B52D-F6E4-A6FB69FA9BDD}.Release|Any CPU.Build.0 = Release|Any CPU
	EndGlobalSection
	GlobalSection(SolutionProperties) = preSolution
		HideSolutionNode = FALSE
	EndGlobalSection
	GlobalSection(ExtensibilityGlobals) = postSolution
		SolutionGuid = {D31667D4-3428-4781-AEA2-9361F017776B}
	EndGlobalSection
EndGlobal
